dependencies:
- name: opensearch
  repository: https://rubemlrm.com/helm-charts/
  version: 1.5.4
- name: opensearch-dashboards
  repository: https://opensearch-project.github.io/helm-charts/
  version: 1.1.1
- name: fluentd
  repository: https://fluent.github.io/helm-charts
  version: 0.3.1
digest: sha256:e10bcfb2a7965ac321d8baa633f55e2677892c741cb2dcd9d07cbccacfc1bdb4
generated: "2021-12-14T16:33:07.350934Z"
